hash: 5d284ce7df207f25fc305b5324a9eea6dc684e9775ffe53cc1ff4e530b59d381
updated: 2016-09-28T11:50:30.611912424+02:00
imports:
- name: github.com/google/go-github
  version: e4194fe26c3379788dc1671da379f719351f093e
  subpackages:
  - github
- name: github.com/google/go-querystring
  version: 9235644dd9e52eeae6fa48efd539fdc351a0af53
  subpackages:
  - query
testImports:
- name: github.com/davecgh/go-spew
  version: 2df174808ee097f90d259e432cc04442cf60be21
  subpackages:
  - spew
- name: github.com/pmezard/go-difflib
  version: d8ed2627bdf02c080bf22230dbb337003b7aba2d
  subpackages:
  - difflib
- name: github.com/stretchr/testify
  version: 9f9027faeb0dad515336ed2f28317f9f8f527ab4
  subpackages:
  - assert
  - require
